
Microsoft Visual Studio Solution File, Format Version 12.00
# Visual Studio 15
VisualStudioVersion = 15.0.27428.2002
MinimumVisualStudioVersion = 10.0.40219.1
Project("{9A19103F-16F7-4668-BE54-9A1E7A4F7556}") = "CoreApp", "CoreApp\CoreApp.csproj", "{E4590658-B5C7-4191-A34B-60D40A3D5C54}"
EndProject
Project("{E53339B2-1760-4266-BCC7-CA923CBCF16C}") = "docker-compose", "docker-compose.dcproj", "{1F72EACE-6592-4F97-9253-D79464F806BB}"
EndProject
Global
	GlobalSection(SolutionConfigurationPlatforms) = preSolution
		Debug|Any CPU = Debug|Any CPU
		Release|Any CPU = Release|Any CPU
	EndGlobalSection
	GlobalSection(ProjectConfigurationPlatforms) = postSolution
		{E4590658-B5C7-4191-A34B-60D40A3D5C54}.Debug|Any CPU.ActiveCfg = Debug|Any CPU
		{E4590658-B5C7-4191-A34B-60D40A3D5C54}.Debug|Any CPU.Build.0 = Debug|Any CPU
		{E4590658-B5C7-4191-A34B-60D40A3D5C54}.Release|Any CPU.ActiveCfg = Release|Any CPU
		{E4590658-B5C7-4191-A34B-60D40A3D5C54}.Release|Any CPU.Build.0 = Release|Any CPU
		{1F72EACE-6592-4F97-9253-D79464F806BB}.Debug|Any CPU.ActiveCfg = Debug|Any CPU
		{1F72EACE-6592-4F97-9253-D79464F806BB}.Debug|Any CPU.Build.0 = Debug|Any CPU
		{1F72EACE-6592-4F97-9253-D79464F806BB}.Release|Any CPU.ActiveCfg = Release|Any CPU
		{1F72EACE-6592-4F97-9253-D79464F806BB}.Release|Any CPU.Build.0 = Release|Any CPU
	EndGlobalSection
	GlobalSection(SolutionProperties) = preSolution
		HideSolutionNode = FALSE
	EndGlobalSection
	GlobalSection(ExtensibilityGlobals) = postSolution
		SolutionGuid = {B1806613-99AF-40ED-BA96-1B7E062AF9E2}
	EndGlobalSection
EndGlobal
